version = 1
revision = 3
requires-python = ">=3.11"

[[package]]
name = "cbor2"
version = "5.9.0"
source = { registry = "https://pypi.org/simple" }
sdist = { url = "https://files.pythonhosted.org/packages/bd/cb/09939728be094d155b5d4ac262e39877875f5f7e36eea66beb359f647bd0/cbor2-5.9.0.tar.gz", hash = "sha256:85c7a46279ac8f226e1059275221e6b3d0e370d2bb6bd0500f9780781615bcea", size = 111231, upload-time = "2026-03-22T15:56:50.638Z" }
wheels = [
    { url = "https://files.pythonhosted.org/packages/43/aa/317c7118b8dda4c9563125c1a12c70c5b41e36677964a49c72b1aac061ec/cbor2-5.9.0-cp311-cp311-macosx_11_0_arm64.whl", hash = "sha256:0485d3372fc832c5e16d4eb45fa1a20fc53e806e6c29a1d2b0d3e176cedd52b9", size = 70578, upload-time = "2026-03-22T15:56:03.835Z" },
    { url = "https://files.pythonhosted.org/packages/31/43/fe29b1f897770011a5e7497f4523c2712282ee4a6cbf775ea6383fb7afb9/cbor2-5.9.0-cp311-cp311-manylinux2014_aarch64.manylinux_2_17_aarch64.manylinux_2_28_aarch64.whl", hash = "sha256:a9d6e4e0f988b0e766509a8071975a8ee99f930e14a524620bf38083106158d2", size = 268738, upload-time = "2026-03-22T15:56:05.222Z" },
    { url = "https://files.pythonhosted.org/packages/0a/1a/e494568f3d8aafbcdfe361df44c3bcf5cdab5183e25ea08e3d3f9fcf4075/cbor2-5.9.0-cp311-cp311-manylinux2014_x86_64.manylinux_2_17_x86_64.manylinux_2_28_x86_64.whl", hash = "sha256:5326336f633cc89dfe543c78829c16c3a6449c2c03277d1ddba99086c3323363", size = 262571, upload-time = "2026-03-22T15:56:06.411Z" },
    { url = "https://files.pythonhosted.org/packages/42/2e/92acd6f87382fd44a34d9d7e85cc45372e6ba664040b72d1d9df648b25d0/cbor2-5.9.0-cp311-cp311-musllinux_1_2_aarch64.whl", hash = "sha256:5e702b02d42a5ace45425b595ffe70fe35aebaf9a3cdfdc2c758b6189c744422", size = 262356, upload-time = "2026-03-22T15:56:08.236Z" },
    { url = "https://files.pythonhosted.org/packages/3f/68/52c039a28688baeeb78b0be7483855e6c66ea05884a937444deede0c87b8/cbor2-5.9.0-cp311-cp311-musllinux_1_2_x86_64.whl", hash = "sha256:2372d357d403e7912f104ff085950ffc82a5854d6d717f1ca1ce16a40a0ef5a7", size = 257604, upload-time = "2026-03-22T15:56:09.835Z" },
    { url = "https://files.pythonhosted.org/packages/5b/e4/10d96a7f73ed9227090ce6e3df5d73329eb6a267dab7d5b989e6fbf6c504/cbor2-5.9.0-cp311-cp311-win_amd64.whl", hash = "sha256:1d02b65f070fd726bdc310d927228975bb655d155bf059b6eb7cacefb3dca86f", size = 69388, upload-time = "2026-03-22T15:56:11.28Z" },
    { url = "https://files.pythonhosted.org/packages/d4/c6/eea5829aa5a649db540f47ea35f4bf2313383d28246f0cbc50432cfad6b3/cbor2-5.9.0-cp311-cp311-win_arm64.whl", hash = "sha256:837754ece9052b3f607047e1741e5f852a538aa2b0ee3db11c82a8fa11804aa4", size = 65315, upload-time = "2026-03-22T15:56:12.326Z" },
    { url = "https://files.pythonhosted.org/packages/ee/39/72d8a5a4b06565561ec28f4fcb41aff7bb77f51705c01f00b8254a2aca4f/cbor2-5.9.0-cp312-cp312-macosx_11_0_arm64.whl", hash = "sha256:1f223dffb1bcdd2764665f04c1152943d9daa4bc124a576cd8dee1cad4264313", size = 71223, upload-time = "2026-03-22T15:56:13.68Z" },
    { url = "https://files.pythonhosted.org/packages/09/fd/7ddf3d3153b54c69c3be77172b8d9aa3a9d74f62a7fbde614d53eaeed9a4/cbor2-5.9.0-cp312-cp312-manylinux2014_aarch64.manylinux_2_17_aarch64.manylinux_2_28_aarch64.whl", hash = "sha256:ae6c706ac1d85a0b3cb3395308fd0c4d55e3202b4760773675957e93cdff45fc", size = 287865, upload-time = "2026-03-22T15:56:14.813Z" },
    { url = "https://files.pythonhosted.org/packages/db/9d/7ede2cc42f9bb4260492e7d29d2aab781eacbbcfb09d983de1e695077199/cbor2-5.9.0-cp312-cp312-manylinux2014_x86_64.manylinux_2_17_x86_64.manylinux_2_28_x86_64.whl", hash = "sha256:4cd43d8fc374b31643b2830910f28177a606a7bc84975a62675dd3f2e320fc7b", size = 288246, upload-time = "2026-03-22T15:56:16.113Z" },
    { url = "https://files.pythonhosted.org/packages/ce/9d/588ebc7c5bc5843f609b05fe07be8575c7dec987735b0bbc908ac9c1264a/cbor2-5.9.0-cp312-cp312-musllinux_1_2_aarch64.whl", hash = "sha256:4aa07b392cc3d76fb31c08a46a226b58c320d1c172ff3073e864409ced7bc50f", size = 280214, upload-time = "2026-03-22T15:56:17.519Z" },
    { url = "https://files.pythonhosted.org/packages/f7/a1/6fc8f4b15c6a27e7fbb7966c30c2b4b18c274a3221fa2f5e6235502d34bc/cbor2-5.9.0-cp312-cp312-musllinux_1_2_x86_64.whl", hash = "sha256:971d425b3a23b75953d8853d5f9911bdeefa09d759ee3b5e6b07b5ff3cbd9073", size = 282162, upload-time = "2026-03-22T15:56:18.975Z" },
    { url = "https://files.pythonhosted.org/packages/cf/20/9a22cfe08be16ddfeef2542cf4eeed1b29f3f57ddbba0b42f7e0bb8331fd/cbor2-5.9.0-cp312-cp312-win_amd64.whl", hash = "sha256:34a6cb15e6ab6a8eae94ad2041731cd3ef786af43a8df99f847969af5b902ee7", size = 70049, upload-time = "2026-03-22T15:56:20.502Z" },
    { url = "https://files.pythonhosted.org/packages/c6/9e/695f92d09006614034e25a9f5b10620f3b219f79c1bec3c37b7c6f27a7a9/cbor2-5.9.0-cp312-cp312-win_arm64.whl", hash = "sha256:7d1ddc4541e7367ac58c2470cc0df847f7137167fe4f5729e2d3cc0b993d7da4", size = 65382, upload-time = "2026-03-22T15:56:21.526Z" },
    { url = "https://files.pythonhosted.org/packages/81/c5/4901e21a8afe9448fd947b11e8f383903207cd6dd0800e5f5a386838de5b/cbor2-5.9.0-cp313-cp313-macosx_11_0_arm64.whl", hash = "sha256:fbb06f34aa645b4deca66643bba3d400d20c15312d1fe88d429be60c1ab50f27", size = 71284, upload-time = "2026-03-22T15:56:22.836Z" },
    { url = "https://files.pythonhosted.org/packages/1b/10/df643a381aebc3f05486de4813662bc58accb640fc3275cb276a75e89694/cbor2-5.9.0-cp313-cp313-manylinux2014_aarch64.manylinux_2_17_aarch64.manylinux_2_28_aarch64.whl", hash = "sha256:ac684fe195c39821fca70d18afbf748f728aefbfbf88456018d299e559b8cae0", size = 287682, upload-time = "2026-03-22T15:56:24.024Z" },
    { url = "https://files.pythonhosted.org/packages/c6/0c/8aa6b766059ae4a0ca1ec3ff96fe3823a69a7be880dba2e249f7fbe2700b/cbor2-5.9.0-cp313-cp313-manylinux2014_x86_64.manylinux_2_17_x86_64.manylinux_2_28_x86_64.whl", hash = "sha256:2a54fbb32cb828c214f7f333a707e4aec61182e7efdc06ea5d9596d3ecee624a", size = 288009, upload-time = "2026-03-22T15:56:25.305Z" },
    { url = "https://files.pythonhosted.org/packages/74/07/6236bc25c183a9cf7e8062e5dddf9eae9b0b14ebf14a58a69fe5a1e872c6/cbor2-5.9.0-cp313-cp313-musllinux_1_2_aarch64.whl", hash = "sha256:4753a6d1bc71054d9179557bc65740860f185095ccb401d46637fff028a5b3ec", size = 280437, upload-time = "2026-03-22T15:56:26.479Z" },
    { url = "https://files.pythonhosted.org/packages/4e/0a/84328d23c3c68874ac6497edb9b1900579a1028efa54734df3f1762bbc15/cbor2-5.9.0-cp313-cp313-musllinux_1_2_x86_64.whl", hash = "sha256:380e534482b843e43442b87d8777a7bf9bed20cb7526f89b780c3400f617304b", size = 282247, upload-time = "2026-03-22T15:56:28.644Z" },
    { url = "https://files.pythonhosted.org/packages/9b/f6/89b4627e09d028c8e5fcaf7cb55f225c33ce6e037ec1844e65d02bcfa945/cbor2-5.9.0-cp313-cp313-win_amd64.whl", hash = "sha256:dcf0f695873e5c94bd072d6af8698e72b8fb7f7a18f37e0bced1041b7111a6cf", size = 70089, upload-time = "2026-03-22T15:56:29.801Z" },
    { url = "https://files.pythonhosted.org/packages/e2/7c/efadcd5f0102db692490e4e206988a2f98d39a09912090db497a2b800885/cbor2-5.9.0-cp313-cp313-win_arm64.whl", hash = "sha256:f7c9751a9611601ab326d8f5837f01379195bbf06175fb4effeb552140e7c9e8", size = 65466, upload-time = "2026-03-22T15:56:30.823Z" },
    { url = "https://files.pythonhosted.org/packages/08/7d/9ccc36d10ef96e6038e48046ebe1ce35a1e7814da0e1e204d09e6ef09b8d/cbor2-5.9.0-cp314-cp314-macosx_11_0_arm64.whl", hash = "sha256:23606d31ba1368bd1b6602e3020ee88fe9523ca80e8630faf6b2fc904fd84560", size = 71500, upload-time = "2026-03-22T15:56:31.876Z" },
    { url = "https://files.pythonhosted.org/packages/70/e1/a6cca2cc72e13f00030c6a649f57ae703eb2c620806ab70c40db8eab33fa/cbor2-5.9.0-cp314-cp314-manylinux2014_aarch64.manylinux_2_17_aarch64.manylinux_2_28_aarch64.whl", hash = "sha256:0322296b9d52f55880e300ba8ba09ecf644303b99b51138bbb1c0fb644fa7c3e", size = 286953, upload-time = "2026-03-22T15:56:33.292Z" },
    { url = "https://files.pythonhosted.org/packages/08/3c/24cd5ef488a957d90e016f200a3aad820e4c2f85edd61c9fe4523007a1ee/cbor2-5.9.0-cp314-cp314-manylinux2014_x86_64.manylinux_2_17_x86_64.manylinux_2_28_x86_64.whl", hash = "sha256:422817286c1d0ce947fb2f7eca9212b39bddd7231e8b452e2d2cc52f15332dba", size = 285454, upload-time = "2026-03-22T15:56:34.703Z" },
    { url = "https://files.pythonhosted.org/packages/a4/35/dca96818494c0ba47cdd73e8d809b27fa91f8fa0ce32a068a09237687454/cbor2-5.9.0-cp314-cp314-musllinux_1_2_aarch64.whl", hash = "sha256:9a4907e0c3035bb8836116854ed8e56d8aef23909d601fa59706320897ec2551", size = 279441, upload-time = "2026-03-22T15:56:35.888Z" },
    { url = "https://files.pythonhosted.org/packages/a4/44/d3362378b16e53cf7e535a3f5aed8476e2109068154e24e31981ef5bde9e/cbor2-5.9.0-cp314-cp314-musllinux_1_2_x86_64.whl", hash = "sha256:fb7afe77f8d269e42d7c4b515c6fd14f1ccc0625379fb6829b269f493d16eddd", size = 279673, upload-time = "2026-03-22T15:56:37.08Z" },
    { url = "https://files.pythonhosted.org/packages/43/d1/3533a697e5842fff7c2f64912eb251f8dcab3a8b5d88e228d6eebc3b5021/cbor2-5.9.0-cp314-cp314-win_amd64.whl", hash = "sha256:86baf870d4c0bfc6f79de3801f3860a84ab76d9c8b0abb7f081f2c14c38d79d3", size = 71940, upload-time = "2026-03-22T15:56:38.366Z" },
    { url = "https://files.pythonhosted.org/packages/ff/e2/c6ba75f3fb25dfa15ab6999cc8709c821987e9ed8e375d7f58539261bcb9/cbor2-5.9.0-cp314-cp314-win_arm64.whl", hash = "sha256:7221483fad0c63afa4244624d552abf89d7dfdbc5f5edfc56fc1ff2b4b818975", size = 67639, upload-time = "2026-03-22T15:56:39.39Z" },
    { url = "https://files.pythonhosted.org/packages/42/ff/b83492b096fbef26e9cb62c1a4bf2d3cef579ea7b33138c6c37c4ae66f67/cbor2-5.9.0-py3-none-any.whl", hash = "sha256:27695cbd70c90b8de5c4a284642c2836449b14e2c2e07e3ffe0744cb7669a01b", size = 24627, upload-time = "2026-03-22T15:56:48.847Z" },
]

[[package]]
name = "forwarder"
version = "0.1.0"
source = { virtual = "." }
dependencies = [
    { name = "paho-mqtt" },
    { name = "pyanura" },
]

[package.dev-dependencies]
dev = [
    { name = "ty" },
]

[package.metadata]
requires-dist = [
    { name = "paho-mqtt", specifier = ">=2.0.0" },
    { name = "pyanura", directory = "../../" },
]

[package.metadata.requires-dev]
dev = [{ name = "ty" }]

[[package]]
name = "paho-mqtt"
version = "2.1.0"
source = { registry = "https://pypi.org/simple" }
sdist = { url = "https://files.pythonhosted.org/packages/39/15/0a6214e76d4d32e7f663b109cf71fb22561c2be0f701d67f93950cd40542/paho_mqtt-2.1.0.tar.gz", hash = "sha256:12d6e7511d4137555a3f6ea167ae846af2c7357b10bc6fa4f7c3968fc1723834", size = 148848, upload-time = "2024-04-29T19:52:55.591Z" }
wheels = [
    { url = "https://files.pythonhosted.org/packages/c4/cb/00451c3cf31790287768bb12c6bec834f5d292eaf3022afc88e14b8afc94/paho_mqtt-2.1.0-py3-none-any.whl", hash = "sha256:6db9ba9b34ed5bc6b6e3812718c7e06e2fd7444540df2455d2c51bd58808feee", size = 67219, upload-time = "2024-04-29T19:52:48.345Z" },
]

[[package]]
name = "pyanura"
source = { directory = "../../" }
dependencies = [
    { name = "cbor2" },
]

[package.metadata]
requires-dist = [
    { name = "bleak", marker = "extra == 'ble'", specifier = ">=1.1.1" },
    { name = "cbor2", specifier = ">=5.7.1" },
    { name = "pyusb", marker = "extra == 'usb'", specifier = ">=1.3.1" },
]
provides-extras = ["usb", "ble"]

[package.metadata.requires-dev]
dev = [{ name = "pytest", specifier = ">=9.0.1" }]

[[package]]
name = "ty"
version = "0.0.26"
source = { registry = "https://pypi.org/simple" }
sdist = { url = "https://files.pythonhosted.org/packages/18/94/4879b81f8681117ccaf31544579304f6dc2ddcc0c67f872afb35869643a2/ty-0.0.26.tar.gz", hash = "sha256:0496b62405d62de7b954d6d677dc1cc5d3046197215d7a0a7fef37745d7b6d29", size = 5393643, upload-time = "2026-03-26T16:27:11.067Z" }
wheels = [
    { url = "https://files.pythonhosted.org/packages/83/24/99fe33ecd7e16d23c53b0d4244778c6d1b6eb1663b091236dcba22882d67/ty-0.0.26-py3-none-linux_armv6l.whl", hash = "sha256:35beaa56cf59725fd59ab35d8445bbd40b97fe76db39b052b1fcb31f9bf8adf7", size = 10521856, upload-time = "2026-03-26T16:27:06.335Z" },
    { url = "https://files.pythonhosted.org/packages/55/97/1b5e939e2ff69b9bb279ab680bfa8f677d886309a1ac8d9588fd6ce58146/ty-0.0.26-py3-none-macosx_10_12_x86_64.whl", hash = "sha256:487a0be58ab0eb02e31ba71eb6953812a0f88e50633469b0c0ce3fb795fe0fa1", size = 10320958, upload-time = "2026-03-26T16:27:13.849Z" },
    { url = "https://files.pythonhosted.org/packages/71/25/37081461e13d38a190e5646948d7bc42084f7bd1c6b44f12550be3923e7e/ty-0.0.26-py3-none-macosx_11_0_arm64.whl", hash = "sha256:a01b7de5693379646d423b68f119719a1338a20017ba48a93eefaff1ee56f97b", size = 9799905, upload-time = "2026-03-26T16:26:55.805Z" },
    { url = "https://files.pythonhosted.org/packages/a1/1c/295d8f55a7b0e037dfc3a5ec4bdda3ab3cbca6f492f725bf269f96a4d841/ty-0.0.26-py3-none-manylinux_2_17_aarch64.manylinux2014_aarch64.whl", hash = "sha256:628c3ee869d113dd2bd249925662fd39d9d0305a6cb38f640ddaa7436b74a1ef", size = 10317507, upload-time = "2026-03-26T16:27:31.887Z" },
    { url = "https://files.pythonhosted.org/packages/1d/62/48b3875c5d2f48fe017468d4bbdde1164c76a8184374f1d5e6162cf7d9b8/ty-0.0.26-py3-none-manylinux_2_17_armv7l.manylinux2014_armv7l.whl", hash = "sha256:63d04f35f5370cbc91c0b9675dc83e0c53678125a7b629c9c95769e86f123e65", size = 10319821, upload-time = "2026-03-26T16:27:29.647Z" },
    { url = "https://files.pythonhosted.org/packages/ff/28/cfb2d495046d5bf42d532325cea7412fa1189912d549dbfae417a24fd794/ty-0.0.26-py3-none-manylinux_2_17_i686.manylinux2014_i686.whl", hash = "sha256:4a53c4e6f6a91927f8b90e584a4b12bcde05b0c1870ddff8d17462168ad7947a", size = 10831757, upload-time = "2026-03-26T16:27:37.441Z" },
    { url = "https://files.pythonhosted.org/packages/26/bf/dbc3e42f448a2d862651de070b4108028c543ca18cab096b38d7de449915/ty-0.0.26-py3-none-manylinux_2_17_ppc64le.manylinux2014_ppc64le.whl", hash = "sha256:caf2ced0e58d898d5e3ba5cb843e0ebd377c8a461464748586049afbd9321f51", size = 11369556, upload-time = "2026-03-26T16:26:58.655Z" },
    { url = "https://files.pythonhosted.org/packages/92/4c/6d2f8f34bc6d502ab778c9345a4a936a72ae113de11329c1764bb1f204f6/ty-0.0.26-py3-none-manylinux_2_17_s390x.manylinux2014_s390x.whl", hash = "sha256:384807bbcb7d7ce9b97ee5aaa6417a8ae03ccfb426c52b08018ca62cf60f5430", size = 11085679, upload-time = "2026-03-26T16:27:21.746Z" },
    { url = "https://files.pythonhosted.org/packages/cc/f4/f3f61c203bc980dd9bba0ba7ed3c6e81ddfd36b286330f9487c2c7d041aa/ty-0.0.26-py3-none-manylinux_2_17_x86_64.manylinux2014_x86_64.whl", hash = "sha256:8a2c766a94d79b4f82995d41229702caf2d76e5c440ec7e543d05c70e98bf8ab", size = 10900581, upload-time = "2026-03-26T16:27:24.39Z" },
    { url = "https://files.pythonhosted.org/packages/3d/fd/3ca1b4e4bdd129829e9ce78677e0f8e0f1038a7702dccecfa52f037c6046/ty-0.0.26-py3-none-musllinux_1_2_aarch64.whl", hash = "sha256:f41ac45a0f8e3e8e181508d863a0a62156341db0f624ffd004b97ee550a9de80", size = 10294401, upload-time = "2026-03-26T16:27:03.999Z" },
    { url = "https://files.pythonhosted.org/packages/de/20/4ee3d8c3f90e008843795c765cb8bb245f188c23e5e5cc612c7697406fba/ty-0.0.26-py3-none-musllinux_1_2_armv7l.whl", hash = "sha256:73eb8327a34d529438dfe4db46796946c4e825167cbee434dc148569892e435f", size = 10351469, upload-time = "2026-03-26T16:27:19.003Z" },
    { url = "https://files.pythonhosted.org/packages/3d/b1/9fb154ade65906d4148f0b999c4a8257c2a34253cb72e15d84c1f04a064e/ty-0.0.26-py3-none-musllinux_1_2_i686.whl", hash = "sha256:4bb53a79259516535a1b55f613ba1619e9c666854946474ca8418c35a5c4fd60", size = 10529488, upload-time = "2026-03-26T16:27:01.378Z" },
    { url = "https://files.pythonhosted.org/packages/a5/70/9b02b03b1862e27b64143db65946d68b138160a5b6bfea193bee0b8bbc34/ty-0.0.26-py3-none-musllinux_1_2_x86_64.whl", hash = "sha256:2f0e75edc1aeb1b4b84af516c7891f631254a4ca3dcd15e848fa1e061e1fe9da", size = 10999015, upload-time = "2026-03-26T16:27:34.636Z" },
    { url = "https://files.pythonhosted.org/packages/21/16/0a56b8667296e2989b9d48095472d98ebf57a0006c71f2a101bbc62a142d/ty-0.0.26-py3-none-win32.whl", hash = "sha256:943c998c5523ed6b519c899c0c39b26b4c751a9759e460fb964765a44cde226f", size = 9912378, upload-time = "2026-03-26T16:27:08.999Z" },
    { url = "https://files.pythonhosted.org/packages/60/c2/fef0d4bba9cd89a82d725b3b1a66efb1b36629ecf0fb1d8e916cb75b8829/ty-0.0.26-py3-none-win_amd64.whl", hash = "sha256:19c856d343efeb1ecad8ee220848f5d2c424daf7b2feda357763ad3036e2172f", size = 10863737, upload-time = "2026-03-26T16:27:27.06Z" },
    { url = "https://files.pythonhosted.org/packages/4d/05/888ebcb3c4d3b6b72d5d3241fddd299142caa3c516e6d26a9cd887dfed3b/ty-0.0.26-py3-none-win_arm64.whl", hash = "sha256:2cde58ccffa046db1223dc28f3e7d4f2c7da8267e97cc5cd186af6fe85f1758a", size = 10285408, upload-time = "2026-03-26T16:27:16.432Z" },
]
